
Microsoft Visual Studio Solution File, Format Version 12.00
# Visual Studio Version 16
VisualStudioVersion = 16.0.29001.49
MinimumVisualStudioVersion = 10.0.40219.1
Project("{FAE04EC0-301F-11D3-BF4B-00C04F79EFBC}") = "SoundEffectReplacer", "SoundEffectReplacer\SoundEffectReplacer.csproj", "{EB801986-F95F-4BCB-97F5-F8F6DF898E75}"
EndProject
Global
	GlobalSection(SolutionConfigurationPlatforms) = preSolution
		Debug|Any CPU = Debug|Any CPU
		Release|Any CPU = Release|Any CPU
	EndGlobalSection
	GlobalSection(ProjectConfigurationPlatforms) = postSolution
		{EB801986-F95F-4BCB-97F5-F8F6DF898E75}.Debug|Any CPU.ActiveCfg = Debug|Any CPU
		{EB801986-F95F-4BCB-97F5-F8F6DF898E75}.Debug|Any CPU.Build.0 = Debug|Any CPU
		{EB801986-F95F-4BCB-97F5-F8F6DF898E75}.Release|Any CPU.ActiveCfg = Release|Any CPU
		{EB801986-F95F-4BCB-97F5-F8F6DF898E75}.Release|Any CPU.Build.0 = Release|Any CPU
	EndGlobalSection
	GlobalSection(SolutionProperties) = preSolution
		HideSolutionNode = FALSE
	EndGlobalSection
	GlobalSection(ExtensibilityGlobals) = postSolution
		SolutionGuid = {1E35C6D2-FADD-42A7-BFC8-CF7DE69FD199}
	EndGlobalSection
EndGlobal
